
Microsoft Visual Studio Solution File, Format Version 12.00
# Visual Studio Version 17
VisualStudioVersion = 17.3.32811.315
MinimumVisualStudioVersion = 10.0.40219.1
Project("{FAE04EC0-301F-11D3-BF4B-00C04F79EFBC}") = "EasyMapper", "EasyMapper\EasyMapper.csproj", "{F363A9E9-18F1-4F1E-B1AE-ECA4F612B5D6}"
EndProject
Global
	GlobalSection(SolutionConfigurationPlatforms) = preSolution
		Debug|Any CPU = Debug|Any CPU
		Release|Any CPU = Release|Any CPU
	EndGlobalSection
	GlobalSection(ProjectConfigurationPlatforms) = postSolution
		{F363A9E9-18F1-4F1E-B1AE-ECA4F612B5D6}.Debug|Any CPU.ActiveCfg = Debug|Any CPU
		{F363A9E9-18F1-4F1E-B1AE-ECA4F612B5D6}.Debug|Any CPU.Build.0 = Debug|Any CPU
		{F363A9E9-18F1-4F1E-B1AE-ECA4F612B5D6}.Release|Any CPU.ActiveCfg = Release|Any CPU
		{F363A9E9-18F1-4F1E-B1AE-ECA4F612B5D6}.Release|Any CPU.Build.0 = Release|Any CPU
	EndGlobalSection
	GlobalSection(SolutionProperties) = preSolution
		HideSolutionNode = FALSE
	EndGlobalSection
	GlobalSection(ExtensibilityGlobals) = postSolution
		SolutionGuid = {7FA37836-48BA-4D3B-BACE-A9359E886A7E}
	EndGlobalSection
EndGlobal
